
Microsoft Visual Studio Solution File, Format Version 10.00
# Visual Studio 2008
Project("{FAE04EC0-301F-11D3-BF4B-00C04F79EFBC}") = "3D基本元素_org", "3D基本元素_org.csproj", "{6E044558-A7BA-41AE-BD8C-2EEE815D019A}"
EndProject
Global
	GlobalSection(SolutionConfigurationPlatforms) = preSolution
		Debug|Any CPU = Debug|Any CPU
		Debug|Mixed Platforms = Debug|Mixed Platforms
		Debug|x86 = Debug|x86
		Release|Any CPU = Release|Any CPU
		Release|Mixed Platforms = Release|Mixed Platforms
		Release|x86 = Release|x86
	EndGlobalSection
	GlobalSection(ProjectConfigurationPlatforms) = postSolution
		{6E044558-A7BA-41AE-BD8C-2EEE815D019A}.Debug|Any CPU.ActiveCfg = Debug|Any CPU
		{6E044558-A7BA-41AE-BD8C-2EEE815D019A}.Debug|Any CPU.Build.0 = Debug|Any CPU
		{6E044558-A7BA-41AE-BD8C-2EEE815D019A}.Debug|Mixed Platforms.ActiveCfg = Debug|Any CPU
		{6E044558-A7BA-41AE-BD8C-2EEE815D019A}.Debug|Mixed Platforms.Build.0 = Debug|Any CPU
		{6E044558-A7BA-41AE-BD8C-2EEE815D019A}.Debug|x86.ActiveCfg = Debug|Any CPU
		{6E044558-A7BA-41AE-BD8C-2EEE815D019A}.Release|Any CPU.ActiveCfg = Release|Any CPU
		{6E044558-A7BA-41AE-BD8C-2EEE815D019A}.Release|Any CPU.Build.0 = Release|Any CPU
		{6E044558-A7BA-41AE-BD8C-2EEE815D019A}.Release|Mixed Platforms.ActiveCfg = Release|Any CPU
		{6E044558-A7BA-41AE-BD8C-2EEE815D019A}.Release|Mixed Platforms.Build.0 = Release|Any CPU
		{6E044558-A7BA-41AE-BD8C-2EEE815D019A}.Release|x86.ActiveCfg = Release|Any CPU
	EndGlobalSection
	GlobalSection(SolutionProperties) = preSolution
		HideSolutionNode = FALSE
	EndGlobalSection
EndGlobal
